
Microsoft Visual Studio Solution File, Format Version 12.00
# Visual Studio Version 17
VisualStudioVersion = 17.3.32929.385
MinimumVisualStudioVersion = 10.0.40219.1
Project("{FAE04EC0-301F-11D3-BF4B-00C04F79EFBC}") = "BankovaSmetka", "BankovaSmetka\BankovaSmetka.csproj", "{03C702E2-1162-40FD-8160-9F485A95D9BC}"
EndProject
Project("{FAE04EC0-301F-11D3-BF4B-00C04F79EFBC}") = "DefiniraneNaKlasChovek", "DefiniraneNaKlasChovek\DefiniraneNaKlasChovek.csproj", "{50A5D972-7ACB-4A27-A76D-F5204EF8107B}"
EndProject
Project("{FAE04EC0-301F-11D3-BF4B-00C04F79EFBC}") = "BankovaSmetkaUpgrade", "BankovaSmetkaUpgrade\BankovaSmetkaUpgrade.csproj", "{B1F076DD-AE9C-4D6E-8ED6-9ECEA71D0D0E}"
EndProject
Project("{FAE04EC0-301F-11D3-BF4B-00C04F79EFBC}") = "NaiStariyaChlenNaFamiliyata", "NaiStariyaChlenNaFamiliyata\NaiStariyaChlenNaFamiliyata.csproj", "{7C439C15-9919-4030-AA08-864E3A9E176B}"
EndProject
Project("{FAE04EC0-301F-11D3-BF4B-00C04F79EFBC}") = "Statistika", "Statistika\Statistika.csproj", "{CD7F2280-1918-45B9-830A-78CB59110503}"
EndProject
Global
	GlobalSection(SolutionConfigurationPlatforms) = preSolution
		Debug|Any CPU = Debug|Any CPU
		Release|Any CPU = Release|Any CPU
	EndGlobalSection
	GlobalSection(ProjectConfigurationPlatforms) = postSolution
		{03C702E2-1162-40FD-8160-9F485A95D9BC}.Debug|Any CPU.ActiveCfg = Debug|Any CPU
		{03C702E2-1162-40FD-8160-9F485A95D9BC}.Debug|Any CPU.Build.0 = Debug|Any CPU
		{03C702E2-1162-40FD-8160-9F485A95D9BC}.Release|Any CPU.ActiveCfg = Release|Any CPU
		{03C702E2-1162-40FD-8160-9F485A95D9BC}.Release|Any CPU.Build.0 = Release|Any CPU
		{50A5D972-7ACB-4A27-A76D-F5204EF8107B}.Debug|Any CPU.ActiveCfg = Debug|Any CPU
		{50A5D972-7ACB-4A27-A76D-F5204EF8107B}.Debug|Any CPU.Build.0 = Debug|Any CPU
		{50A5D972-7ACB-4A27-A76D-F5204EF8107B}.Release|Any CPU.ActiveCfg = Release|Any CPU
		{50A5D972-7ACB-4A27-A76D-F5204EF8107B}.Release|Any CPU.Build.0 = Release|Any CPU
		{B1F076DD-AE9C-4D6E-8ED6-9ECEA71D0D0E}.Debug|Any CPU.ActiveCfg = Debug|Any CPU
		{B1F076DD-AE9C-4D6E-8ED6-9ECEA71D0D0E}.Debug|Any CPU.Build.0 = Debug|Any CPU
		{B1F076DD-AE9C-4D6E-8ED6-9ECEA71D0D0E}.Release|Any CPU.ActiveCfg = Release|Any CPU
		{B1F076DD-AE9C-4D6E-8ED6-9ECEA71D0D0E}.Release|Any CPU.Build.0 = Release|Any CPU
		{7C439C15-9919-4030-AA08-864E3A9E176B}.Debug|Any CPU.ActiveCfg = Debug|Any CPU
		{7C439C15-9919-4030-AA08-864E3A9E176B}.Debug|Any CPU.Build.0 = Debug|Any CPU
		{7C439C15-9919-4030-AA08-864E3A9E176B}.Release|Any CPU.ActiveCfg = Release|Any CPU
		{7C439C15-9919-4030-AA08-864E3A9E176B}.Release|Any CPU.Build.0 = Release|Any CPU
		{CD7F2280-1918-45B9-830A-78CB59110503}.Debug|Any CPU.ActiveCfg = Debug|Any CPU
		{CD7F2280-1918-45B9-830A-78CB59110503}.Debug|Any CPU.Build.0 = Debug|Any CPU
		{CD7F2280-1918-45B9-830A-78CB59110503}.Release|Any CPU.ActiveCfg = Release|Any CPU
		{CD7F2280-1918-45B9-830A-78CB59110503}.Release|Any CPU.Build.0 = Release|Any CPU
	EndGlobalSection
	GlobalSection(SolutionProperties) = preSolution
		HideSolutionNode = FALSE
	EndGlobalSection
	GlobalSection(ExtensibilityGlobals) = postSolution
		SolutionGuid = {68F3D089-89D0-418D-8249-2D6C4AB20781}
	EndGlobalSection
EndGlobal
